
Microsoft Visual Studio Solution File, Format Version 12.00
# Visual Studio Version 17
VisualStudioVersion = 17.0.31611.283
MinimumVisualStudioVersion = 10.0.40219.1
Project("{9A19103F-16F7-4668-BE54-9A1E7A4F7556}") = "Fimarkt", "Fimarkt.csproj", "{3FE8B24E-95A3-496B-97ED-8104CEABC282}"
EndProject
Project("{2150E333-8FDC-42A3-9474-1A3956D46DE8}") = "FimarktProgram", "FimarktProgram", "{4425B478-3910-47E4-99CA-A17BCB00B83E}"
EndProject
Project("{FAE04EC0-301F-11D3-BF4B-00C04F79EFBC}") = "ApiService", "..\ApiService\ApiService.csproj", "{C4E57BDB-D8E0-4378-89F9-D66A3C29C25C}"
EndProject
Global
	GlobalSection(SolutionConfigurationPlatforms) = preSolution
		Debug|Any CPU = Debug|Any CPU
		Release|Any CPU = Release|Any CPU
	EndGlobalSection
	GlobalSection(ProjectConfigurationPlatforms) = postSolution
		{3FE8B24E-95A3-496B-97ED-8104CEABC282}.Debug|Any CPU.ActiveCfg = Debug|Any CPU
		{3FE8B24E-95A3-496B-97ED-8104CEABC282}.Debug|Any CPU.Build.0 = Debug|Any CPU
		{3FE8B24E-95A3-496B-97ED-8104CEABC282}.Debug|Any CPU.Deploy.0 = Debug|Any CPU
		{3FE8B24E-95A3-496B-97ED-8104CEABC282}.Release|Any CPU.ActiveCfg = Release|Any CPU
		{3FE8B24E-95A3-496B-97ED-8104CEABC282}.Release|Any CPU.Build.0 = Release|Any CPU
		{3FE8B24E-95A3-496B-97ED-8104CEABC282}.Release|Any CPU.Deploy.0 = Release|Any CPU
		{C4E57BDB-D8E0-4378-89F9-D66A3C29C25C}.Debug|Any CPU.ActiveCfg = Debug|Any CPU
		{C4E57BDB-D8E0-4378-89F9-D66A3C29C25C}.Debug|Any CPU.Build.0 = Debug|Any CPU
		{C4E57BDB-D8E0-4378-89F9-D66A3C29C25C}.Release|Any CPU.ActiveCfg = Release|Any CPU
		{C4E57BDB-D8E0-4378-89F9-D66A3C29C25C}.Release|Any CPU.Build.0 = Release|Any CPU
	EndGlobalSection
	GlobalSection(SolutionProperties) = preSolution
		HideSolutionNode = FALSE
	EndGlobalSection
	GlobalSection(NestedProjects) = preSolution
		{3FE8B24E-95A3-496B-97ED-8104CEABC282} = {4425B478-3910-47E4-99CA-A17BCB00B83E}
		{C4E57BDB-D8E0-4378-89F9-D66A3C29C25C} = {4425B478-3910-47E4-99CA-A17BCB00B83E}
	EndGlobalSection
	GlobalSection(ExtensibilityGlobals) = postSolution
		SolutionGuid = {61F7FB11-1E47-470C-91E2-47F8143E1572}
	EndGlobalSection
EndGlobal
